
Microsoft Visual Studio Solution File, Format Version 12.00
# Visual Studio Version 16
VisualStudioVersion = 16.0.28516.95
MinimumVisualStudioVersion = 10.0.40219.1
Project("{2150E333-8FDC-42A3-9474-1A3956D46DE8}") = "src", "src", "{7487A7A3-7010-42B9-A8D8-C2DF25F88316}"
EndProject
Project("{2150E333-8FDC-42A3-9474-1A3956D46DE8}") = "tests", "tests", "{BB733705-2197-4D98-9A0D-CC6F5E1720A5}"
EndProject
Project("{2150E333-8FDC-42A3-9474-1A3956D46DE8}") = "Solution Items", "Solution Items", "{EB7D8F6E-FF92-4FC4-B044-AE63BEDCEEE0}"
	ProjectSection(SolutionItems) = preProject
		.editorconfig = .editorconfig
		CodeCoverage.runsettings = CodeCoverage.runsettings
		README.md = README.md
	EndProjectSection
EndProject
Project("{9A19103F-16F7-4668-BE54-9A1E7A4F7556}") = "ExpandARM.Core", "src\ExpandARM.Core\ExpandARM.Core.csproj", "{F34A283D-8891-4238-A880-9E73AB6AE347}"
EndProject
Project("{2150E333-8FDC-42A3-9474-1A3956D46DE8}") = "devops", "devops", "{D1748548-4E5B-4CE9-A60F-3AFBEA4C9B73}"
	ProjectSection(SolutionItems) = preProject
		devops\cd-pipeline.yml = devops\cd-pipeline.yml
		devops\ci-pipeline.yml = devops\ci-pipeline.yml
	EndProjectSection
EndProject
Project("{FAE04EC0-301F-11D3-BF4B-00C04F79EFBC}") = "ExpandARM", "src\ExpandARM\ExpandARM.csproj", "{6E8F6229-EB99-4AF7-8F09-0DCD5D79AD54}"
EndProject
Project("{2150E333-8FDC-42A3-9474-1A3956D46DE8}") = "templates", "templates", "{765D3794-A9EF-4E0F-848C-096794FE1258}"
	ProjectSection(SolutionItems) = preProject
		devops\templates\build-and-test.yml = devops\templates\build-and-test.yml
	EndProjectSection
EndProject
Project("{FAE04EC0-301F-11D3-BF4B-00C04F79EFBC}") = "ExpandARM.E2ETests", "tests\ExpandARM.E2ETests\ExpandARM.E2ETests.csproj", "{79FEFB7A-B3C5-43D1-8BE5-E0466DFCAFB7}"
EndProject
Project("{FAE04EC0-301F-11D3-BF4B-00C04F79EFBC}") = "ExpandARM.Core.UnitTests", "tests\ExpandARM.Core.UnitTests\ExpandARM.Core.UnitTests.csproj", "{83F0709B-0E21-4BE1-9A49-C04DD9249A2D}"
EndProject
Global
	GlobalSection(SolutionConfigurationPlatforms) = preSolution
		Debug|Any CPU = Debug|Any CPU
		Release|Any CPU = Release|Any CPU
	EndGlobalSection
	GlobalSection(ProjectConfigurationPlatforms) = postSolution
		{F34A283D-8891-4238-A880-9E73AB6AE347}.Debug|Any CPU.ActiveCfg = Debug|Any CPU
		{F34A283D-8891-4238-A880-9E73AB6AE347}.Debug|Any CPU.Build.0 = Debug|Any CPU
		{F34A283D-8891-4238-A880-9E73AB6AE347}.Release|Any CPU.ActiveCfg = Release|Any CPU
		{F34A283D-8891-4238-A880-9E73AB6AE347}.Release|Any CPU.Build.0 = Release|Any CPU
		{6E8F6229-EB99-4AF7-8F09-0DCD5D79AD54}.Debug|Any CPU.ActiveCfg = Debug|Any CPU
		{6E8F6229-EB99-4AF7-8F09-0DCD5D79AD54}.Debug|Any CPU.Build.0 = Debug|Any CPU
		{6E8F6229-EB99-4AF7-8F09-0DCD5D79AD54}.Release|Any CPU.ActiveCfg = Release|Any CPU
		{6E8F6229-EB99-4AF7-8F09-0DCD5D79AD54}.Release|Any CPU.Build.0 = Release|Any CPU
		{79FEFB7A-B3C5-43D1-8BE5-E0466DFCAFB7}.Debug|Any CPU.ActiveCfg = Debug|Any CPU
		{79FEFB7A-B3C5-43D1-8BE5-E0466DFCAFB7}.Debug|Any CPU.Build.0 = Debug|Any CPU
		{79FEFB7A-B3C5-43D1-8BE5-E0466DFCAFB7}.Release|Any CPU.ActiveCfg = Release|Any CPU
		{79FEFB7A-B3C5-43D1-8BE5-E0466DFCAFB7}.Release|Any CPU.Build.0 = Release|Any CPU
		{83F0709B-0E21-4BE1-9A49-C04DD9249A2D}.Debug|Any CPU.ActiveCfg = Debug|Any CPU
		{83F0709B-0E21-4BE1-9A49-C04DD9249A2D}.Debug|Any CPU.Build.0 = Debug|Any CPU
		{83F0709B-0E21-4BE1-9A49-C04DD9249A2D}.Release|Any CPU.ActiveCfg = Release|Any CPU
		{83F0709B-0E21-4BE1-9A49-C04DD9249A2D}.Release|Any CPU.Build.0 = Release|Any CPU
	EndGlobalSection
	GlobalSection(SolutionProperties) = preSolution
		HideSolutionNode = FALSE
	EndGlobalSection
	GlobalSection(NestedProjects) = preSolution
		{F34A283D-8891-4238-A880-9E73AB6AE347} = {7487A7A3-7010-42B9-A8D8-C2DF25F88316}
		{6E8F6229-EB99-4AF7-8F09-0DCD5D79AD54} = {7487A7A3-7010-42B9-A8D8-C2DF25F88316}
		{765D3794-A9EF-4E0F-848C-096794FE1258} = {D1748548-4E5B-4CE9-A60F-3AFBEA4C9B73}
		{79FEFB7A-B3C5-43D1-8BE5-E0466DFCAFB7} = {BB733705-2197-4D98-9A0D-CC6F5E1720A5}
		{83F0709B-0E21-4BE1-9A49-C04DD9249A2D} = {BB733705-2197-4D98-9A0D-CC6F5E1720A5}
	EndGlobalSection
	GlobalSection(ExtensibilityGlobals) = postSolution
		SolutionGuid = {654D5488-A7B8-419C-90E1-EBB97D377807}
	EndGlobalSection
EndGlobal
