
Microsoft Visual Studio Solution File, Format Version 12.00
# Visual Studio 15
VisualStudioVersion = 15.0.27703.2042
MinimumVisualStudioVersion = 10.0.40219.1
Project("{F5034706-568F-408A-B7B3-4D38C6DB8A32}") = "MergeARM", "src\MergeARM\MergeARM.pssproj", "{6CAFC0C6-A428-4D30-A9F9-700E829FEA51}"
EndProject
Project("{2150E333-8FDC-42A3-9474-1A3956D46DE8}") = "src", "src", "{94D41B32-8CF5-45AA-B2AB-ACCF2FD3A3B5}"
EndProject
Project("{2150E333-8FDC-42A3-9474-1A3956D46DE8}") = "tests", "tests", "{4A8ABD0F-0F40-45DC-84DD-3F85AE51CB29}"
EndProject
Project("{F5034706-568F-408A-B7B3-4D38C6DB8A32}") = "MergeARM.Tests", "tests\Merge.ARM.Tests\MergeARM.Tests.pssproj", "{34A29755-1BCC-4E39-8F9C-BECD81CD8311}"
EndProject
Global
	GlobalSection(SolutionConfigurationPlatforms) = preSolution
		Debug|Any CPU = Debug|Any CPU
		Release|Any CPU = Release|Any CPU
	EndGlobalSection
	GlobalSection(ProjectConfigurationPlatforms) = postSolution
		{6CAFC0C6-A428-4D30-A9F9-700E829FEA51}.Debug|Any CPU.ActiveCfg = Debug|Any CPU
		{6CAFC0C6-A428-4D30-A9F9-700E829FEA51}.Debug|Any CPU.Build.0 = Debug|Any CPU
		{6CAFC0C6-A428-4D30-A9F9-700E829FEA51}.Release|Any CPU.ActiveCfg = Release|Any CPU
		{6CAFC0C6-A428-4D30-A9F9-700E829FEA51}.Release|Any CPU.Build.0 = Release|Any CPU
		{34A29755-1BCC-4E39-8F9C-BECD81CD8311}.Debug|Any CPU.ActiveCfg = Debug|Any CPU
		{34A29755-1BCC-4E39-8F9C-BECD81CD8311}.Debug|Any CPU.Build.0 = Debug|Any CPU
		{34A29755-1BCC-4E39-8F9C-BECD81CD8311}.Release|Any CPU.ActiveCfg = Release|Any CPU
		{34A29755-1BCC-4E39-8F9C-BECD81CD8311}.Release|Any CPU.Build.0 = Release|Any CPU
	EndGlobalSection
	GlobalSection(SolutionProperties) = preSolution
		HideSolutionNode = FALSE
	EndGlobalSection
	GlobalSection(NestedProjects) = preSolution
		{6CAFC0C6-A428-4D30-A9F9-700E829FEA51} = {94D41B32-8CF5-45AA-B2AB-ACCF2FD3A3B5}
		{34A29755-1BCC-4E39-8F9C-BECD81CD8311} = {4A8ABD0F-0F40-45DC-84DD-3F85AE51CB29}
	EndGlobalSection
	GlobalSection(ExtensibilityGlobals) = postSolution
		SolutionGuid = {B449325C-35B1-46AC-AE24-B887F3502F77}
	EndGlobalSection
EndGlobal
